
Microsoft Visual Studio Solution File, Format Version 12.00
# Visual Studio Version 17
VisualStudioVersion = 17.3.32804.467
MinimumVisualStudioVersion = 10.0.40219.1
Project("{9A19103F-16F7-4668-BE54-9A1E7A4F7556}") = "practice", "15-09\practice.csproj", "{C5452007-EDDF-48BB-A5A8-CA18F9C013C5}"
EndProject
Project("{2150E333-8FDC-42A3-9474-1A3956D46DE8}") = "15-09", "15-09", "{4BAEC4CA-38F2-469B-9696-D678A1A0F69F}"
EndProject
Project("{9A19103F-16F7-4668-BE54-9A1E7A4F7556}") = "4-IsValidNumber", "IsValidNumber\4-IsValidNumber.csproj", "{FD245E39-71F7-4ABA-8459-88DC3863436C}"
EndProject
Project("{9A19103F-16F7-4668-BE54-9A1E7A4F7556}") = "4-MaxNumber", "2-MaxNumber\4-MaxNumber.csproj", "{0339FC6B-F5AD-4A6A-9542-F3D1A8E6B138}"
EndProject
Project("{9A19103F-16F7-4668-BE54-9A1E7A4F7556}") = "4-Landscape Or Portrait", "3-Landscape Or Portrait\4-Landscape Or Portrait.csproj", "{FDB7B383-E80E-4DC5-8B1B-3B825FB736CC}"
EndProject
Project("{9A19103F-16F7-4668-BE54-9A1E7A4F7556}") = "4-Light and Car speed", "Light and Car speed\4-Light and Car speed.csproj", "{98D0F5C8-6851-4321-B179-8DF217CBC3CA}"
EndProject
Project("{9A19103F-16F7-4668-BE54-9A1E7A4F7556}") = "11-Divisible by 3", "5-Divisible by 3\11-Divisible by 3.csproj", "{1AB921A6-7E14-4AB4-86F8-33DC2F86614B}"
EndProject
Project("{9A19103F-16F7-4668-BE54-9A1E7A4F7556}") = "11-Sum of numbers", "Sum of numbers\11-Sum of numbers.csproj", "{74C8CC25-CD62-4A53-9723-393305118874}"
EndProject
Project("{9A19103F-16F7-4668-BE54-9A1E7A4F7556}") = "11-Factorial", "7-Factorial\11-Factorial.csproj", "{32001703-2900-4743-82F2-E4B40E26D50E}"
EndProject
Project("{9A19103F-16F7-4668-BE54-9A1E7A4F7556}") = "11-Correct Guess", "8-Correct Guess\11-Correct Guess.csproj", "{84B41D83-F46D-4FF7-AA24-2E51849A177C}"
EndProject
Project("{9A19103F-16F7-4668-BE54-9A1E7A4F7556}") = "11-Larget from series", "9-Larget from series\11-Larget from series.csproj", "{FCC8D4A2-CD37-4634-89EB-87351A7AB27C}"
EndProject
Project("{9A19103F-16F7-4668-BE54-9A1E7A4F7556}") = "6-Facebook", "6-Facebook\6-Facebook.csproj", "{82F99D0D-1577-4DFB-9BCA-821304DA51E1}"
EndProject
Project("{9A19103F-16F7-4668-BE54-9A1E7A4F7556}") = "6-Reverse name", "6-Reverse name\6-Reverse name.csproj", "{0AACE76F-4825-447D-B4CB-3E93A3FA6979}"
EndProject
Project("{9A19103F-16F7-4668-BE54-9A1E7A4F7556}") = "6-Unique numbers", "6-Unique numbers\6-Unique numbers.csproj", "{00D9A7E5-BF47-470A-8BC6-F898B7371CB0}"
EndProject
Project("{9A19103F-16F7-4668-BE54-9A1E7A4F7556}") = "6-remove duplicates", "6-remove duplicates\6-remove duplicates.csproj", "{F8758846-8611-4D68-9C60-D138E58EBAD4}"
EndProject
Project("{9A19103F-16F7-4668-BE54-9A1E7A4F7556}") = "6-list size", "6-list size\6-list size.csproj", "{3D3DF12C-D2E0-4C33-A2E9-AB26211DE07E}"
EndProject
Project("{9A19103F-16F7-4668-BE54-9A1E7A4F7556}") = "8-consecutive numbers", "8-consecutive numbers\8-consecutive numbers.csproj", "{A66A6328-76B1-4626-8A11-5827556411A6}"
EndProject
Project("{9A19103F-16F7-4668-BE54-9A1E7A4F7556}") = "8-duplicates", "8-duplicates\8-duplicates.csproj", "{B6E15D18-CA05-4569-B260-D826B543F9CC}"
EndProject
Project("{9A19103F-16F7-4668-BE54-9A1E7A4F7556}") = "8-date time", "8-date time\8-date time.csproj", "{02C7BCF6-B5C4-4B5B-BC32-5BA664615705}"
EndProject
Project("{9A19103F-16F7-4668-BE54-9A1E7A4F7556}") = "8-Pascal Case", "8-Pascal Case\8-Pascal Case.csproj", "{73401582-9D3E-4C4C-BEA6-63814B0F608E}"
EndProject
Project("{9A19103F-16F7-4668-BE54-9A1E7A4F7556}") = "8- vowel count", "8- vowel count\8- vowel count.csproj", "{13F4694F-1D7A-4A03-97DD-4EAF7E647585}"
EndProject
Project("{9A19103F-16F7-4668-BE54-9A1E7A4F7556}") = "6- Files wordcount", "6- Files wordcount\6- Files wordcount.csproj", "{5651C7BA-118D-486D-AE5E-0C490AA1933E}"
EndProject
Project("{9A19103F-16F7-4668-BE54-9A1E7A4F7556}") = "6-File Longest word", "6-File Longest word\6-File Longest word.csproj", "{6C09ADF8-C14F-46E5-807B-575463D99CD4}"
EndProject
Global
	GlobalSection(SolutionConfigurationPlatforms) = preSolution
		Debug|Any CPU = Debug|Any CPU
		Release|Any CPU = Release|Any CPU
	EndGlobalSection
	GlobalSection(ProjectConfigurationPlatforms) = postSolution
		{C5452007-EDDF-48BB-A5A8-CA18F9C013C5}.Debug|Any CPU.ActiveCfg = Debug|Any CPU
		{C5452007-EDDF-48BB-A5A8-CA18F9C013C5}.Debug|Any CPU.Build.0 = Debug|Any CPU
		{C5452007-EDDF-48BB-A5A8-CA18F9C013C5}.Release|Any CPU.ActiveCfg = Release|Any CPU
		{C5452007-EDDF-48BB-A5A8-CA18F9C013C5}.Release|Any CPU.Build.0 = Release|Any CPU
		{FD245E39-71F7-4ABA-8459-88DC3863436C}.Debug|Any CPU.ActiveCfg = Debug|Any CPU
		{FD245E39-71F7-4ABA-8459-88DC3863436C}.Debug|Any CPU.Build.0 = Debug|Any CPU
		{FD245E39-71F7-4ABA-8459-88DC3863436C}.Release|Any CPU.ActiveCfg = Release|Any CPU
		{FD245E39-71F7-4ABA-8459-88DC3863436C}.Release|Any CPU.Build.0 = Release|Any CPU
		{0339FC6B-F5AD-4A6A-9542-F3D1A8E6B138}.Debug|Any CPU.ActiveCfg = Debug|Any CPU
		{0339FC6B-F5AD-4A6A-9542-F3D1A8E6B138}.Debug|Any CPU.Build.0 = Debug|Any CPU
		{0339FC6B-F5AD-4A6A-9542-F3D1A8E6B138}.Release|Any CPU.ActiveCfg = Release|Any CPU
		{0339FC6B-F5AD-4A6A-9542-F3D1A8E6B138}.Release|Any CPU.Build.0 = Release|Any CPU
		{FDB7B383-E80E-4DC5-8B1B-3B825FB736CC}.Debug|Any CPU.ActiveCfg = Debug|Any CPU
		{FDB7B383-E80E-4DC5-8B1B-3B825FB736CC}.Debug|Any CPU.Build.0 = Debug|Any CPU
		{FDB7B383-E80E-4DC5-8B1B-3B825FB736CC}.Release|Any CPU.ActiveCfg = Release|Any CPU
		{FDB7B383-E80E-4DC5-8B1B-3B825FB736CC}.Release|Any CPU.Build.0 = Release|Any CPU
		{98D0F5C8-6851-4321-B179-8DF217CBC3CA}.Debug|Any CPU.ActiveCfg = Debug|Any CPU
		{98D0F5C8-6851-4321-B179-8DF217CBC3CA}.Debug|Any CPU.Build.0 = Debug|Any CPU
		{98D0F5C8-6851-4321-B179-8DF217CBC3CA}.Release|Any CPU.ActiveCfg = Release|Any CPU
		{98D0F5C8-6851-4321-B179-8DF217CBC3CA}.Release|Any CPU.Build.0 = Release|Any CPU
		{1AB921A6-7E14-4AB4-86F8-33DC2F86614B}.Debug|Any CPU.ActiveCfg = Debug|Any CPU
		{1AB921A6-7E14-4AB4-86F8-33DC2F86614B}.Debug|Any CPU.Build.0 = Debug|Any CPU
		{1AB921A6-7E14-4AB4-86F8-33DC2F86614B}.Release|Any CPU.ActiveCfg = Release|Any CPU
		{1AB921A6-7E14-4AB4-86F8-33DC2F86614B}.Release|Any CPU.Build.0 = Release|Any CPU
		{74C8CC25-CD62-4A53-9723-393305118874}.Debug|Any CPU.ActiveCfg = Debug|Any CPU
		{74C8CC25-CD62-4A53-9723-393305118874}.Debug|Any CPU.Build.0 = Debug|Any CPU
		{74C8CC25-CD62-4A53-9723-393305118874}.Release|Any CPU.ActiveCfg = Release|Any CPU
		{74C8CC25-CD62-4A53-9723-393305118874}.Release|Any CPU.Build.0 = Release|Any CPU
		{32001703-2900-4743-82F2-E4B40E26D50E}.Debug|Any CPU.ActiveCfg = Debug|Any CPU
		{32001703-2900-4743-82F2-E4B40E26D50E}.Debug|Any CPU.Build.0 = Debug|Any CPU
		{32001703-2900-4743-82F2-E4B40E26D50E}.Release|Any CPU.ActiveCfg = Release|Any CPU
		{32001703-2900-4743-82F2-E4B40E26D50E}.Release|Any CPU.Build.0 = Release|Any CPU
		{84B41D83-F46D-4FF7-AA24-2E51849A177C}.Debug|Any CPU.ActiveCfg = Debug|Any CPU
		{84B41D83-F46D-4FF7-AA24-2E51849A177C}.Debug|Any CPU.Build.0 = Debug|Any CPU
		{84B41D83-F46D-4FF7-AA24-2E51849A177C}.Release|Any CPU.ActiveCfg = Release|Any CPU
		{84B41D83-F46D-4FF7-AA24-2E51849A177C}.Release|Any CPU.Build.0 = Release|Any CPU
		{FCC8D4A2-CD37-4634-89EB-87351A7AB27C}.Debug|Any CPU.ActiveCfg = Debug|Any CPU
		{FCC8D4A2-CD37-4634-89EB-87351A7AB27C}.Debug|Any CPU.Build.0 = Debug|Any CPU
		{FCC8D4A2-CD37-4634-89EB-87351A7AB27C}.Release|Any CPU.ActiveCfg = Release|Any CPU
		{FCC8D4A2-CD37-4634-89EB-87351A7AB27C}.Release|Any CPU.Build.0 = Release|Any CPU
		{82F99D0D-1577-4DFB-9BCA-821304DA51E1}.Debug|Any CPU.ActiveCfg = Debug|Any CPU
		{82F99D0D-1577-4DFB-9BCA-821304DA51E1}.Debug|Any CPU.Build.0 = Debug|Any CPU
		{82F99D0D-1577-4DFB-9BCA-821304DA51E1}.Release|Any CPU.ActiveCfg = Release|Any CPU
		{82F99D0D-1577-4DFB-9BCA-821304DA51E1}.Release|Any CPU.Build.0 = Release|Any CPU
		{0AACE76F-4825-447D-B4CB-3E93A3FA6979}.Debug|Any CPU.ActiveCfg = Debug|Any CPU
		{0AACE76F-4825-447D-B4CB-3E93A3FA6979}.Debug|Any CPU.Build.0 = Debug|Any CPU
		{0AACE76F-4825-447D-B4CB-3E93A3FA6979}.Release|Any CPU.ActiveCfg = Release|Any CPU
		{0AACE76F-4825-447D-B4CB-3E93A3FA6979}.Release|Any CPU.Build.0 = Release|Any CPU
		{00D9A7E5-BF47-470A-8BC6-F898B7371CB0}.Debug|Any CPU.ActiveCfg = Debug|Any CPU
		{00D9A7E5-BF47-470A-8BC6-F898B7371CB0}.Debug|Any CPU.Build.0 = Debug|Any CPU
		{00D9A7E5-BF47-470A-8BC6-F898B7371CB0}.Release|Any CPU.ActiveCfg = Release|Any CPU
		{00D9A7E5-BF47-470A-8BC6-F898B7371CB0}.Release|Any CPU.Build.0 = Release|Any CPU
		{F8758846-8611-4D68-9C60-D138E58EBAD4}.Debug|Any CPU.ActiveCfg = Debug|Any CPU
		{F8758846-8611-4D68-9C60-D138E58EBAD4}.Debug|Any CPU.Build.0 = Debug|Any CPU
		{F8758846-8611-4D68-9C60-D138E58EBAD4}.Release|Any CPU.ActiveCfg = Release|Any CPU
		{F8758846-8611-4D68-9C60-D138E58EBAD4}.Release|Any CPU.Build.0 = Release|Any CPU
		{3D3DF12C-D2E0-4C33-A2E9-AB26211DE07E}.Debug|Any CPU.ActiveCfg = Debug|Any CPU
		{3D3DF12C-D2E0-4C33-A2E9-AB26211DE07E}.Debug|Any CPU.Build.0 = Debug|Any CPU
		{3D3DF12C-D2E0-4C33-A2E9-AB26211DE07E}.Release|Any CPU.ActiveCfg = Release|Any CPU
		{3D3DF12C-D2E0-4C33-A2E9-AB26211DE07E}.Release|Any CPU.Build.0 = Release|Any CPU
		{A66A6328-76B1-4626-8A11-5827556411A6}.Debug|Any CPU.ActiveCfg = Debug|Any CPU
		{A66A6328-76B1-4626-8A11-5827556411A6}.Debug|Any CPU.Build.0 = Debug|Any CPU
		{A66A6328-76B1-4626-8A11-5827556411A6}.Release|Any CPU.ActiveCfg = Release|Any CPU
		{A66A6328-76B1-4626-8A11-5827556411A6}.Release|Any CPU.Build.0 = Release|Any CPU
		{B6E15D18-CA05-4569-B260-D826B543F9CC}.Debug|Any CPU.ActiveCfg = Debug|Any CPU
		{B6E15D18-CA05-4569-B260-D826B543F9CC}.Debug|Any CPU.Build.0 = Debug|Any CPU
		{B6E15D18-CA05-4569-B260-D826B543F9CC}.Release|Any CPU.ActiveCfg = Release|Any CPU
		{B6E15D18-CA05-4569-B260-D826B543F9CC}.Release|Any CPU.Build.0 = Release|Any CPU
		{02C7BCF6-B5C4-4B5B-BC32-5BA664615705}.Debug|Any CPU.ActiveCfg = Debug|Any CPU
		{02C7BCF6-B5C4-4B5B-BC32-5BA664615705}.Debug|Any CPU.Build.0 = Debug|Any CPU
		{02C7BCF6-B5C4-4B5B-BC32-5BA664615705}.Release|Any CPU.ActiveCfg = Release|Any CPU
		{02C7BCF6-B5C4-4B5B-BC32-5BA664615705}.Release|Any CPU.Build.0 = Release|Any CPU
		{73401582-9D3E-4C4C-BEA6-63814B0F608E}.Debug|Any CPU.ActiveCfg = Debug|Any CPU
		{73401582-9D3E-4C4C-BEA6-63814B0F608E}.Debug|Any CPU.Build.0 = Debug|Any CPU
		{73401582-9D3E-4C4C-BEA6-63814B0F608E}.Release|Any CPU.ActiveCfg = Release|Any CPU
		{73401582-9D3E-4C4C-BEA6-63814B0F608E}.Release|Any CPU.Build.0 = Release|Any CPU
		{13F4694F-1D7A-4A03-97DD-4EAF7E647585}.Debug|Any CPU.ActiveCfg = Debug|Any CPU
		{13F4694F-1D7A-4A03-97DD-4EAF7E647585}.Debug|Any CPU.Build.0 = Debug|Any CPU
		{13F4694F-1D7A-4A03-97DD-4EAF7E647585}.Release|Any CPU.ActiveCfg = Release|Any CPU
		{13F4694F-1D7A-4A03-97DD-4EAF7E647585}.Release|Any CPU.Build.0 = Release|Any CPU
		{5651C7BA-118D-486D-AE5E-0C490AA1933E}.Debug|Any CPU.ActiveCfg = Debug|Any CPU
		{5651C7BA-118D-486D-AE5E-0C490AA1933E}.Debug|Any CPU.Build.0 = Debug|Any CPU
		{5651C7BA-118D-486D-AE5E-0C490AA1933E}.Release|Any CPU.ActiveCfg = Release|Any CPU
		{5651C7BA-118D-486D-AE5E-0C490AA1933E}.Release|Any CPU.Build.0 = Release|Any CPU
		{6C09ADF8-C14F-46E5-807B-575463D99CD4}.Debug|Any CPU.ActiveCfg = Debug|Any CPU
		{6C09ADF8-C14F-46E5-807B-575463D99CD4}.Debug|Any CPU.Build.0 = Debug|Any CPU
		{6C09ADF8-C14F-46E5-807B-575463D99CD4}.Release|Any CPU.ActiveCfg = Release|Any CPU
		{6C09ADF8-C14F-46E5-807B-575463D99CD4}.Release|Any CPU.Build.0 = Release|Any CPU
	EndGlobalSection
	GlobalSection(SolutionProperties) = preSolution
		HideSolutionNode = FALSE
	EndGlobalSection
	GlobalSection(NestedProjects) = preSolution
		{C5452007-EDDF-48BB-A5A8-CA18F9C013C5} = {4BAEC4CA-38F2-469B-9696-D678A1A0F69F}
		{FD245E39-71F7-4ABA-8459-88DC3863436C} = {4BAEC4CA-38F2-469B-9696-D678A1A0F69F}
		{0339FC6B-F5AD-4A6A-9542-F3D1A8E6B138} = {4BAEC4CA-38F2-469B-9696-D678A1A0F69F}
		{FDB7B383-E80E-4DC5-8B1B-3B825FB736CC} = {4BAEC4CA-38F2-469B-9696-D678A1A0F69F}
		{98D0F5C8-6851-4321-B179-8DF217CBC3CA} = {4BAEC4CA-38F2-469B-9696-D678A1A0F69F}
		{1AB921A6-7E14-4AB4-86F8-33DC2F86614B} = {4BAEC4CA-38F2-469B-9696-D678A1A0F69F}
		{74C8CC25-CD62-4A53-9723-393305118874} = {4BAEC4CA-38F2-469B-9696-D678A1A0F69F}
		{32001703-2900-4743-82F2-E4B40E26D50E} = {4BAEC4CA-38F2-469B-9696-D678A1A0F69F}
		{84B41D83-F46D-4FF7-AA24-2E51849A177C} = {4BAEC4CA-38F2-469B-9696-D678A1A0F69F}
		{FCC8D4A2-CD37-4634-89EB-87351A7AB27C} = {4BAEC4CA-38F2-469B-9696-D678A1A0F69F}
		{82F99D0D-1577-4DFB-9BCA-821304DA51E1} = {4BAEC4CA-38F2-469B-9696-D678A1A0F69F}
		{0AACE76F-4825-447D-B4CB-3E93A3FA6979} = {4BAEC4CA-38F2-469B-9696-D678A1A0F69F}
		{00D9A7E5-BF47-470A-8BC6-F898B7371CB0} = {4BAEC4CA-38F2-469B-9696-D678A1A0F69F}
		{F8758846-8611-4D68-9C60-D138E58EBAD4} = {4BAEC4CA-38F2-469B-9696-D678A1A0F69F}
		{3D3DF12C-D2E0-4C33-A2E9-AB26211DE07E} = {4BAEC4CA-38F2-469B-9696-D678A1A0F69F}
		{A66A6328-76B1-4626-8A11-5827556411A6} = {4BAEC4CA-38F2-469B-9696-D678A1A0F69F}
		{B6E15D18-CA05-4569-B260-D826B543F9CC} = {4BAEC4CA-38F2-469B-9696-D678A1A0F69F}
		{02C7BCF6-B5C4-4B5B-BC32-5BA664615705} = {4BAEC4CA-38F2-469B-9696-D678A1A0F69F}
		{73401582-9D3E-4C4C-BEA6-63814B0F608E} = {4BAEC4CA-38F2-469B-9696-D678A1A0F69F}
		{13F4694F-1D7A-4A03-97DD-4EAF7E647585} = {4BAEC4CA-38F2-469B-9696-D678A1A0F69F}
		{5651C7BA-118D-486D-AE5E-0C490AA1933E} = {4BAEC4CA-38F2-469B-9696-D678A1A0F69F}
		{6C09ADF8-C14F-46E5-807B-575463D99CD4} = {4BAEC4CA-38F2-469B-9696-D678A1A0F69F}
	EndGlobalSection
	GlobalSection(ExtensibilityGlobals) = postSolution
		SolutionGuid = {AA431579-CB3C-4473-A79F-CF4C41DCA0B1}
	EndGlobalSection
EndGlobal
